
Microsoft Visual Studio Solution File, Format Version 12.00
# Visual Studio Version 17
VisualStudioVersion = 17.9.34723.18
MinimumVisualStudioVersion = 10.0.40219.1
Project("{9A19103F-16F7-4668-BE54-9A1E7A4F7556}") = "Server", "Server\Server.csproj", "{F94761F2-1E3C-4A24-9A98-526180CB7F4E}"
EndProject
Project("{9A19103F-16F7-4668-BE54-9A1E7A4F7556}") = "ServerCore", "ServerCore\ServerCore.csproj", "{84CD8B5D-6A44-481B-BDB2-C5A6727A92A0}"
EndProject
Project("{9A19103F-16F7-4668-BE54-9A1E7A4F7556}") = "DummyClient", "DummyClient\DummyClient.csproj", "{6763A313-0BC4-426C-B26E-08F9B10E5313}"
EndProject
Project("{FAE04EC0-301F-11D3-BF4B-00C04F79EFBC}") = "PacketGenerator", "PacketGenerator\PacketGenerator.csproj", "{3A57E66A-EADB-42B3-AAE1-0F1A53D9B37A}"
EndProject
Project("{2150E333-8FDC-42A3-9474-1A3956D46DE8}") = "Tools", "Tools", "{ADA07875-F1C4-4E6B-844E-339FF4E035A5}"
EndProject
Global
	GlobalSection(SolutionConfigurationPlatforms) = preSolution
		Debug|Any CPU = Debug|Any CPU
		Release|Any CPU = Release|Any CPU
	EndGlobalSection
	GlobalSection(ProjectConfigurationPlatforms) = postSolution
		{F94761F2-1E3C-4A24-9A98-526180CB7F4E}.Debug|Any CPU.ActiveCfg = Debug|Any CPU
		{F94761F2-1E3C-4A24-9A98-526180CB7F4E}.Debug|Any CPU.Build.0 = Debug|Any CPU
		{F94761F2-1E3C-4A24-9A98-526180CB7F4E}.Release|Any CPU.ActiveCfg = Release|Any CPU
		{F94761F2-1E3C-4A24-9A98-526180CB7F4E}.Release|Any CPU.Build.0 = Release|Any CPU
		{84CD8B5D-6A44-481B-BDB2-C5A6727A92A0}.Debug|Any CPU.ActiveCfg = Debug|Any CPU
		{84CD8B5D-6A44-481B-BDB2-C5A6727A92A0}.Debug|Any CPU.Build.0 = Debug|Any CPU
		{84CD8B5D-6A44-481B-BDB2-C5A6727A92A0}.Release|Any CPU.ActiveCfg = Release|Any CPU
		{84CD8B5D-6A44-481B-BDB2-C5A6727A92A0}.Release|Any CPU.Build.0 = Release|Any CPU
		{6763A313-0BC4-426C-B26E-08F9B10E5313}.Debug|Any CPU.ActiveCfg = Debug|Any CPU
		{6763A313-0BC4-426C-B26E-08F9B10E5313}.Debug|Any CPU.Build.0 = Debug|Any CPU
		{6763A313-0BC4-426C-B26E-08F9B10E5313}.Release|Any CPU.ActiveCfg = Release|Any CPU
		{6763A313-0BC4-426C-B26E-08F9B10E5313}.Release|Any CPU.Build.0 = Release|Any CPU
		{3A57E66A-EADB-42B3-AAE1-0F1A53D9B37A}.Debug|Any CPU.ActiveCfg = Debug|Any CPU
		{3A57E66A-EADB-42B3-AAE1-0F1A53D9B37A}.Debug|Any CPU.Build.0 = Debug|Any CPU
		{3A57E66A-EADB-42B3-AAE1-0F1A53D9B37A}.Release|Any CPU.ActiveCfg = Release|Any CPU
		{3A57E66A-EADB-42B3-AAE1-0F1A53D9B37A}.Release|Any CPU.Build.0 = Release|Any CPU
	EndGlobalSection
	GlobalSection(SolutionProperties) = preSolution
		HideSolutionNode = FALSE
	EndGlobalSection
	GlobalSection(NestedProjects) = preSolution
		{3A57E66A-EADB-42B3-AAE1-0F1A53D9B37A} = {ADA07875-F1C4-4E6B-844E-339FF4E035A5}
	EndGlobalSection
	GlobalSection(ExtensibilityGlobals) = postSolution
		SolutionGuid = {354FC694-5193-4BC4-B62E-A1DC2F7344B5}
	EndGlobalSection
EndGlobal
